
Microsoft Visual Studio Solution File, Format Version 12.00
# Visual Studio 15
VisualStudioVersion = 15.0.28307.421
MinimumVisualStudioVersion = 10.0.40219.1
Project("{FAE04EC0-301F-11D3-BF4B-00C04F79EFBC}") = "WindowsFormsApp1", "WindowsFormsApp1\WindowsFormsApp1.csproj", "{90415E06-8424-4B42-AE28-13AA342524A1}"
EndProject
Global
	GlobalSection(SolutionConfigurationPlatforms) = preSolution
		Debug|Any CPU = Debug|Any CPU
		Release|Any CPU = Release|Any CPU
	EndGlobalSection
	GlobalSection(ProjectConfigurationPlatforms) = postSolution
		{90415E06-8424-4B42-AE28-13AA342524A1}.Debug|Any CPU.ActiveCfg = Debug|Any CPU
		{90415E06-8424-4B42-AE28-13AA342524A1}.Debug|Any CPU.Build.0 = Debug|Any CPU
		{90415E06-8424-4B42-AE28-13AA342524A1}.Release|Any CPU.ActiveCfg = Release|Any CPU
		{90415E06-8424-4B42-AE28-13AA342524A1}.Release|Any CPU.Build.0 = Release|Any CPU
	EndGlobalSection
	GlobalSection(SolutionProperties) = preSolution
		HideSolutionNode = FALSE
	EndGlobalSection
	GlobalSection(ExtensibilityGlobals) = postSolution
		SolutionGuid = {ADD7E15E-0C27-40DD-871A-1ECB2B4CCF34}
	EndGlobalSection
EndGlobal
